
Microsoft Visual Studio Solution File, Format Version 12.00
# Visual Studio Version 16
VisualStudioVersion = 16.0.32126.315
MinimumVisualStudioVersion = 10.0.40219.1
Project("{FAE04EC0-301F-11D3-BF4B-00C04F79EFBC}") = "NehaSharma_BookStore", "NehaSharma_BookStore\NehaSharma_BookStore.csproj", "{C1BD3065-6ED0-46FF-BE1F-0B9E14339B19}"
EndProject
Global
	GlobalSection(SolutionConfigurationPlatforms) = preSolution
		Debug|Any CPU = Debug|Any CPU
		Release|Any CPU = Release|Any CPU
	EndGlobalSection
	GlobalSection(ProjectConfigurationPlatforms) = postSolution
		{C1BD3065-6ED0-46FF-BE1F-0B9E14339B19}.Debug|Any CPU.ActiveCfg = Debug|Any CPU
		{C1BD3065-6ED0-46FF-BE1F-0B9E14339B19}.Debug|Any CPU.Build.0 = Debug|Any CPU
		{C1BD3065-6ED0-46FF-BE1F-0B9E14339B19}.Release|Any CPU.ActiveCfg = Release|Any CPU
		{C1BD3065-6ED0-46FF-BE1F-0B9E14339B19}.Release|Any CPU.Build.0 = Release|Any CPU
	EndGlobalSection
	GlobalSection(SolutionProperties) = preSolution
		HideSolutionNode = FALSE
	EndGlobalSection
	GlobalSection(ExtensibilityGlobals) = postSolution
		SolutionGuid = {A3CDCED9-1604-4789-8244-B6B06A16A33C}
	EndGlobalSection
EndGlobal
